// !$*UTF8*$!
{
	archiveVersion = 1;
	classes = {
	};
	objectVersion = 46;
	objects = {

/* Begin PBXBuildFile section */
		A621D8341854D3FA001FA484 /* CoreBluetooth.framework in Frameworks */ = {isa = PBXBuildFile; fileRef = A69529C91852601100E9ED2B /* CoreBluetooth.framework */; };
		A621D8391854DBE1001FA484 /* WebserviceTests.m in Sources */ = {isa = PBXBuildFile; fileRef = A621D8381854DBE1001FA484 /* WebserviceTests.m */; };
		A621D83C1854DC1E001FA484 /* XCAsynchronousTestCase.m in Sources */ = {isa = PBXBuildFile; fileRef = A621D83B1854DC1E001FA484 /* XCAsynchronousTestCase.m */; };
		A67B6DAB1854EC2400239902 /* GuestWebservice.m in Sources */ = {isa = PBXBuildFile; fileRef = A67B6DA91854EC2400239902 /* GuestWebservice.m */; };
		A67B6DAC1854EC2400239902 /* LocationWebservice.m in Sources */ = {isa = PBXBuildFile; fileRef = A67B6DAA1854EC2400239902 /* LocationWebservice.m */; };
		A69529CC1852601100E9ED2B /* CoreLocation.framework in Frameworks */ = {isa = PBXBuildFile; fileRef = A69529CA1852601100E9ED2B /* CoreLocation.framework */; };
		A6F6FE141854C89E0055DBEC /* BaseWebservice.m in Sources */ = {isa = PBXBuildFile; fileRef = A6F6FE131854C89E0055DBEC /* BaseWebservice.m */; };
		BF08366518523A39000114FD /* LobbyViewController.m in Sources */ = {isa = PBXBuildFile; fileRef = BF08366418523A39000114FD /* LobbyViewController.m */; };
		BF08366618523A39000114FD /* LobbyViewController.m in Sources */ = {isa = PBXBuildFile; fileRef = BF08366418523A39000114FD /* LobbyViewController.m */; };
		BF58031C18513A49007842A0 /* Foundation.framework in Frameworks */ = {isa = PBXBuildFile; fileRef = BF58031B18513A49007842A0 /* Foundation.framework */; };
		BF58031E18513A49007842A0 /* CoreGraphics.framework in Frameworks */ = {isa = PBXBuildFile; fileRef = BF58031D18513A49007842A0 /* CoreGraphics.framework */; };
		BF58032018513A49007842A0 /* UIKit.framework in Frameworks */ = {isa = PBXBuildFile; fileRef = BF58031F18513A49007842A0 /* UIKit.framework */; };
		BF58032618513A49007842A0 /* InfoPlist.strings in Resources */ = {isa = PBXBuildFile; fileRef = BF58032418513A49007842A0 /* InfoPlist.strings */; };
		BF58032818513A49007842A0 /* main.m in Sources */ = {isa = PBXBuildFile; fileRef = BF58032718513A49007842A0 /* main.m */; };
		BF58032C18513A49007842A0 /* AppDelegate.m in Sources */ = {isa = PBXBuildFile; fileRef = BF58032B18513A49007842A0 /* AppDelegate.m */; };
		BF58032F18513A49007842A0 /* Main.storyboard in Resources */ = {isa = PBXBuildFile; fileRef = BF58032D18513A49007842A0 /* Main.storyboard */; };
		BF58033218513A49007842A0 /* ViewController.m in Sources */ = {isa = PBXBuildFile; fileRef = BF58033118513A49007842A0 /* ViewController.m */; };
		BF58033418513A49007842A0 /* Images.xcassets in Resources */ = {isa = PBXBuildFile; fileRef = BF58033318513A49007842A0 /* Images.xcassets */; };
		BF58033B18513A49007842A0 /* XCTest.framework in Frameworks */ = {isa = PBXBuildFile; fileRef = BF58033A18513A49007842A0 /* XCTest.framework */; };
		BF58033C18513A49007842A0 /* Foundation.framework in Frameworks */ = {isa = PBXBuildFile; fileRef = BF58031B18513A49007842A0 /* Foundation.framework */; };
		BF58033D18513A49007842A0 /* UIKit.framework in Frameworks */ = {isa = PBXBuildFile; fileRef = BF58031F18513A49007842A0 /* UIKit.framework */; };
		BF58034518513A49007842A0 /* InfoPlist.strings in Resources */ = {isa = PBXBuildFile; fileRef = BF58034318513A49007842A0 /* InfoPlist.strings */; };
		BF58034718513A49007842A0 /* Grand_Lucayan___Guest_AppTests.m in Sources */ = {isa = PBXBuildFile; fileRef = BF58034618513A49007842A0 /* Grand_Lucayan___Guest_AppTests.m */; };
		BFB89D0318524D380084BEDD /* SplashViewController.m in Sources */ = {isa = PBXBuildFile; fileRef = BFB89D0218524D380084BEDD /* SplashViewController.m */; };
		BFB89D0418524D380084BEDD /* SplashViewController.m in Sources */ = {isa = PBXBuildFile; fileRef = BFB89D0218524D380084BEDD /* SplashViewController.m */; };
		BFB89D0718524DFF0084BEDD /* SignInViewController.m in Sources */ = {isa = PBXBuildFile; fileRef = BFB89D0618524DFF0084BEDD /* SignInViewController.m */; };
		BFB89D0818524DFF0084BEDD /* SignInViewController.m in Sources */ = {isa = PBXBuildFile; fileRef = BFB89D0618524DFF0084BEDD /* SignInViewController.m */; };
		BFB89D0B18524E4D0084BEDD /* UIViewController+LookAndFeelCustomizations.m in Sources */ = {isa = PBXBuildFile; fileRef = BFB89D0A18524E4D0084BEDD /* UIViewController+LookAndFeelCustomizations.m */; };
		BFB89D0C18524E4D0084BEDD /* UIViewController+LookAndFeelCustomizations.m in Sources */ = {isa = PBXBuildFile; fileRef = BFB89D0A18524E4D0084BEDD /* UIViewController+LookAndFeelCustomizations.m */; };
		BFB89D0F18524E570084BEDD /* ActivityViewController.m in Sources */ = {isa = PBXBuildFile; fileRef = BFB89D0E18524E570084BEDD /* ActivityViewController.m */; };
		BFB89D1018524E570084BEDD /* ActivityViewController.m in Sources */ = {isa = PBXBuildFile; fileRef = BFB89D0E18524E570084BEDD /* ActivityViewController.m */; };
		BFEE6DE118539845001377B2 /* MyPartyViewController.m in Sources */ = {isa = PBXBuildFile; fileRef = BFEE6DE018539845001377B2 /* MyPartyViewController.m */; };
		BFEE6DE218539845001377B2 /* MyPartyViewController.m in Sources */ = {isa = PBXBuildFile; fileRef = BFEE6DE018539845001377B2 /* MyPartyViewController.m */; };
		BFEE6DE41856028C001377B2 /* Settings.bundle in Resources */ = {isa = PBXBuildFile; fileRef = BFEE6DE31856028C001377B2 /* Settings.bundle */; };
		BFEE6DE51856028C001377B2 /* Settings.bundle in Resources */ = {isa = PBXBuildFile; fileRef = BFEE6DE31856028C001377B2 /* Settings.bundle */; };
		BFEE6DE818562F96001377B2 /* WeatherViewController.m in Sources */ = {isa = PBXBuildFile; fileRef = BFEE6DE718562F96001377B2 /* WeatherViewController.m */; };
		BFEE6DE918562F96001377B2 /* WeatherViewController.m in Sources */ = {isa = PBXBuildFile; fileRef = BFEE6DE718562F96001377B2 /* WeatherViewController.m */; };
/* End PBXBuildFile section */

/* Begin PBXContainerItemProxy section */
		BF58033E18513A49007842A0 /* PBXContainerItemProxy */ = {
			isa = PBXContainerItemProxy;
			containerPortal = BF58031018513A49007842A0 /* Project object */;
			proxyType = 1;
			remoteGlobalIDString = BF58031718513A49007842A0;
			remoteInfo = "Grand Lucayan - Guest App";
		};
/* End PBXContainerItemProxy section */

/* Begin PBXFileReference section */
		A621D8301854D0E4001FA484 /* libCoreNetworkCommunicationLibrary.a */ = {isa = PBXFileReference; lastKnownFileType = archive.ar; name = libCoreNetworkCommunicationLibrary.a; path = "../Libraries/CoreNetworkCommunicationProject/Debug-iphonesimulator/libCoreNetworkCommunicationLibrary.a"; sourceTree = "<group>"; };
		A621D8321854D3C7001FA484 /* libCoreNetworkCommunicationLibrary.a */ = {isa = PBXFileReference; lastKnownFileType = archive.ar; name = libCoreNetworkCommunicationLibrary.a; path = "../Libraries/CoreNetworkCommunicationProject/Debug-iphoneos/libCoreNetworkCommunicationLibrary.a"; sourceTree = "<group>"; };
		A621D8361854D6F0001FA484 /* libCoreNetworkCommunicationLibrary.a */ = {isa = PBXFileReference; lastKnownFileType = archive.ar; name = libCoreNetworkCommunicationLibrary.a; path = "../Libraries/CoreNetworkCommunicationProject/Release-iphoneos/libCoreNetworkCommunicationLibrary.a"; sourceTree = "<group>"; };
		A621D8381854DBE1001FA484 /* WebserviceTests.m */ = {isa = PBXFileReference; fileEncoding = 4; lastKnownFileType = sourcecode.c.objc; path = WebserviceTests.m; sourceTree = "<group>"; };
		A621D83A1854DC1E001FA484 /* XCAsynchronousTestCase.h */ = {isa = PBXFileReference; fileEncoding = 4; lastKnownFileType = sourcecode.c.h; path = XCAsynchronousTestCase.h; sourceTree = "<group>"; };
		A621D83B1854DC1E001FA484 /* XCAsynchronousTestCase.m */ = {isa = PBXFileReference; fileEncoding = 4; lastKnownFileType = sourcecode.c.objc; path = XCAsynchronousTestCase.m; sourceTree = "<group>"; };
		A67B6DA91854EC2400239902 /* GuestWebservice.m */ = {isa = PBXFileReference; lastKnownFileType = sourcecode.c.objc; name = GuestWebservice.m; path = ../Shared/Webservices/GuestWebservice.m; sourceTree = "<group>"; };
		A67B6DAA1854EC2400239902 /* LocationWebservice.m */ = {isa = PBXFileReference; lastKnownFileType = sourcecode.c.objc; name = LocationWebservice.m; path = ../Shared/Webservices/LocationWebservice.m; sourceTree = "<group>"; };
		A69529C91852601100E9ED2B /* CoreBluetooth.framework */ = {isa = PBXFileReference; lastKnownFileType = wrapper.framework; name = CoreBluetooth.framework; path = System/Library/Frameworks/CoreBluetooth.framework; sourceTree = SDKROOT; };
		A69529CA1852601100E9ED2B /* CoreLocation.framework */ = {isa = PBXFileReference; lastKnownFileType = wrapper.framework; name = CoreLocation.framework; path = System/Library/Frameworks/CoreLocation.framework; sourceTree = SDKROOT; };
		A6F6FE10185284490055DBEC /* BeaconDefinitions.h */ = {isa = PBXFileReference; fileEncoding = 4; lastKnownFileType = sourcecode.c.h; name = BeaconDefinitions.h; path = ../BeaconDefinitions.h; sourceTree = "<group>"; };
		A6F6FE131854C89E0055DBEC /* BaseWebservice.m */ = {isa = PBXFileReference; lastKnownFileType = sourcecode.c.objc; name = BaseWebservice.m; path = ../Shared/Webservices/BaseWebservice.m; sourceTree = "<group>"; };
		BF08366318523A39000114FD /* LobbyViewController.h */ = {isa = PBXFileReference; fileEncoding = 4; lastKnownFileType = sourcecode.c.h; path = LobbyViewController.h; sourceTree = "<group>"; };
		BF08366418523A39000114FD /* LobbyViewController.m */ = {isa = PBXFileReference; fileEncoding = 4; lastKnownFileType = sourcecode.c.objc; path = LobbyViewController.m; sourceTree = "<group>"; };
		BF58031818513A49007842A0 /* Grand Lucayan - Guest App.app */ = {isa = PBXFileReference; explicitFileType = wrapper.application; includeInIndex = 0; path = "Grand Lucayan - Guest App.app"; sourceTree = BUILT_PRODUCTS_DIR; };
		BF58031B18513A49007842A0 /* Foundation.framework */ = {isa = PBXFileReference; lastKnownFileType = wrapper.framework; name = Foundation.framework; path = System/Library/Frameworks/Foundation.framework; sourceTree = SDKROOT; };
		BF58031D18513A49007842A0 /* CoreGraphics.framework */ = {isa = PBXFileReference; lastKnownFileType = wrapper.framework; name = CoreGraphics.framework; path = System/Library/Frameworks/CoreGraphics.framework; sourceTree = SDKROOT; };
		BF58031F18513A49007842A0 /* UIKit.framework */ = {isa = PBXFileReference; lastKnownFileType = wrapper.framework; name = UIKit.framework; path = System/Library/Frameworks/UIKit.framework; sourceTree = SDKROOT; };
		BF58032318513A49007842A0 /* Grand Lucayan - Guest App-Info.plist */ = {isa = PBXFileReference; lastKnownFileType = text.plist.xml; path = "Grand Lucayan - Guest App-Info.plist"; sourceTree = "<group>"; };
		BF58032518513A49007842A0 /* en */ = {isa = PBXFileReference; lastKnownFileType = text.plist.strings; name = en; path = en.lproj/InfoPlist.strings; sourceTree = "<group>"; };
		BF58032718513A49007842A0 /* main.m */ = {isa = PBXFileReference; lastKnownFileType = sourcecode.c.objc; path = main.m; sourceTree = "<group>"; };
		BF58032918513A49007842A0 /* Grand Lucayan - Guest App-Prefix.pch */ = {isa = PBXFileReference; lastKnownFileType = sourcecode.c.h; path = "Grand Lucayan - Guest App-Prefix.pch"; sourceTree = "<group>"; };
		BF58032A18513A49007842A0 /* AppDelegate.h */ = {isa = PBXFileReference; lastKnownFileType = sourcecode.c.h; path = AppDelegate.h; sourceTree = "<group>"; };
		BF58032B18513A49007842A0 /* AppDelegate.m */ = {isa = PBXFileReference; lastKnownFileType = sourcecode.c.objc; path = AppDelegate.m; sourceTree = "<group>"; };
		BF58032E18513A49007842A0 /* Base */ = {isa = PBXFileReference; lastKnownFileType = file.storyboard; name = Base; path = Base.lproj/Main.storyboard; sourceTree = "<group>"; };
		BF58033018513A49007842A0 /* ViewController.h */ = {isa = PBXFileReference; lastKnownFileType = sourcecode.c.h; path = ViewController.h; sourceTree = "<group>"; };
		BF58033118513A49007842A0 /* ViewController.m */ = {isa = PBXFileReference; lastKnownFileType = sourcecode.c.objc; path = ViewController.m; sourceTree = "<group>"; };
		BF58033318513A49007842A0 /* Images.xcassets */ = {isa = PBXFileReference; lastKnownFileType = folder.assetcatalog; path = Images.xcassets; sourceTree = "<group>"; };
		BF58033918513A49007842A0 /* Grand Lucayan - Guest AppTests.xctest */ = {isa = PBXFileReference; explicitFileType = wrapper.cfbundle; includeInIndex = 0; path = "Grand Lucayan - Guest AppTests.xctest"; sourceTree = BUILT_PRODUCTS_DIR; };
		BF58033A18513A49007842A0 /* XCTest.framework */ = {isa = PBXFileReference; lastKnownFileType = wrapper.framework; name = XCTest.framework; path = Library/Frameworks/XCTest.framework; sourceTree = DEVELOPER_DIR; };
		BF58034218513A49007842A0 /* Grand Lucayan - Guest AppTests-Info.plist */ = {isa = PBXFileReference; lastKnownFileType = text.plist.xml; path = "Grand Lucayan - Guest AppTests-Info.plist"; sourceTree = "<group>"; };
		BF58034418513A49007842A0 /* en */ = {isa = PBXFileReference; lastKnownFileType = text.plist.strings; name = en; path = en.lproj/InfoPlist.strings; sourceTree = "<group>"; };
		BF58034618513A49007842A0 /* Grand_Lucayan___Guest_AppTests.m */ = {isa = PBXFileReference; lastKnownFileType = sourcecode.c.objc; path = "Grand_Lucayan___Guest_AppTests.m"; sourceTree = "<group>"; };
		BFB89D0118524D380084BEDD /* SplashViewController.h */ = {isa = PBXFileReference; fileEncoding = 4; lastKnownFileType = sourcecode.c.h; path = SplashViewController.h; sourceTree = "<group>"; };
		BFB89D0218524D380084BEDD /* SplashViewController.m */ = {isa = PBXFileReference; fileEncoding = 4; lastKnownFileType = sourcecode.c.objc; path = SplashViewController.m; sourceTree = "<group>"; };
		BFB89D0518524DFF0084BEDD /* SignInViewController.h */ = {isa = PBXFileReference; fileEncoding = 4; lastKnownFileType = sourcecode.c.h; path = SignInViewController.h; sourceTree = "<group>"; };
		BFB89D0618524DFF0084BEDD /* SignInViewController.m */ = {isa = PBXFileReference; fileEncoding = 4; lastKnownFileType = sourcecode.c.objc; path = SignInViewController.m; sourceTree = "<group>"; };
		BFB89D0918524E4D0084BEDD /* UIViewController+LookAndFeelCustomizations.h */ = {isa = PBXFileReference; fileEncoding = 4; lastKnownFileType = sourcecode.c.h; path = "UIViewController+LookAndFeelCustomizations.h"; sourceTree = "<group>"; };
		BFB89D0A18524E4D0084BEDD /* UIViewController+LookAndFeelCustomizations.m */ = {isa = PBXFileReference; fileEncoding = 4; lastKnownFileType = sourcecode.c.objc; path = "UIViewController+LookAndFeelCustomizations.m"; sourceTree = "<group>"; };
		BFB89D0D18524E570084BEDD /* ActivityViewController.h */ = {isa = PBXFileReference; fileEncoding = 4; lastKnownFileType = sourcecode.c.h; path = ActivityViewController.h; sourceTree = "<group>"; };
		BFB89D0E18524E570084BEDD /* ActivityViewController.m */ = {isa = PBXFileReference; fileEncoding = 4; lastKnownFileType = sourcecode.c.objc; path = ActivityViewController.m; sourceTree = "<group>"; };
		BFEE6DDF18539845001377B2 /* MyPartyViewController.h */ = {isa = PBXFileReference; fileEncoding = 4; lastKnownFileType = sourcecode.c.h; path = MyPartyViewController.h; sourceTree = "<group>"; };
		BFEE6DE018539845001377B2 /* MyPartyViewController.m */ = {isa = PBXFileReference; fileEncoding = 4; lastKnownFileType = sourcecode.c.objc; path = MyPartyViewController.m; sourceTree = "<group>"; };
		BFEE6DE31856028C001377B2 /* Settings.bundle */ = {isa = PBXFileReference; lastKnownFileType = "wrapper.plug-in"; path = Settings.bundle; sourceTree = "<group>"; };
		BFEE6DE618562F96001377B2 /* WeatherViewController.h */ = {isa = PBXFileReference; fileEncoding = 4; lastKnownFileType = sourcecode.c.h; path = WeatherViewController.h; sourceTree = "<group>"; };
		BFEE6DE718562F96001377B2 /* WeatherViewController.m */ = {isa = PBXFileReference; fileEncoding = 4; lastKnownFileType = sourcecode.c.objc; path = WeatherViewController.m; sourceTree = "<group>"; };
/* End PBXFileReference section */

/* Begin PBXFrameworksBuildPhase section */
		BF58031518513A49007842A0 /* Frameworks */ = {
			isa = PBXFrameworksBuildPhase;
			buildActionMask = 2147483647;
			files = (
				A621D8341854D3FA001FA484 /* CoreBluetooth.framework in Frameworks */,
				A69529CC1852601100E9ED2B /* CoreLocation.framework in Frameworks */,
				BF58031E18513A49007842A0 /* CoreGraphics.framework in Frameworks */,
				BF58032018513A49007842A0 /* UIKit.framework in Frameworks */,
				BF58031C18513A49007842A0 /* Foundation.framework in Frameworks */,
			);
			runOnlyForDeploymentPostprocessing = 0;
		};
		BF58033618513A49007842A0 /* Frameworks */ = {
			isa = PBXFrameworksBuildPhase;
			buildActionMask = 2147483647;
			files = (
				BF58033B18513A49007842A0 /* XCTest.framework in Frameworks */,
				BF58033D18513A49007842A0 /* UIKit.framework in Frameworks */,
				BF58033C18513A49007842A0 /* Foundation.framework in Frameworks */,
			);
			runOnlyForDeploymentPostprocessing = 0;
		};
/* End PBXFrameworksBuildPhase section */

/* Begin PBXGroup section */
		BF58030F18513A49007842A0 = {
			isa = PBXGroup;
			children = (
				A67B6DA91854EC2400239902 /* GuestWebservice.m */,
				A67B6DAA1854EC2400239902 /* LocationWebservice.m */,
				A6F6FE131854C89E0055DBEC /* BaseWebservice.m */,
				A6F6FE10185284490055DBEC /* BeaconDefinitions.h */,
				BF58032118513A49007842A0 /* Grand Lucayan - Guest App */,
				BF58034018513A49007842A0 /* Grand Lucayan - Guest AppTests */,
				BF58031A18513A49007842A0 /* Frameworks */,
				BF58031918513A49007842A0 /* Products */,
			);
			sourceTree = "<group>";
		};
		BF58031918513A49007842A0 /* Products */ = {
			isa = PBXGroup;
			children = (
				BF58031818513A49007842A0 /* Grand Lucayan - Guest App.app */,
				BF58033918513A49007842A0 /* Grand Lucayan - Guest AppTests.xctest */,
			);
			name = Products;
			sourceTree = "<group>";
		};
		BF58031A18513A49007842A0 /* Frameworks */ = {
			isa = PBXGroup;
			children = (
				A621D8361854D6F0001FA484 /* libCoreNetworkCommunicationLibrary.a */,
				A621D8321854D3C7001FA484 /* libCoreNetworkCommunicationLibrary.a */,
				A621D8301854D0E4001FA484 /* libCoreNetworkCommunicationLibrary.a */,
				A69529C91852601100E9ED2B /* CoreBluetooth.framework */,
				A69529CA1852601100E9ED2B /* CoreLocation.framework */,
				BF58031B18513A49007842A0 /* Foundation.framework */,
				BF58031D18513A49007842A0 /* CoreGraphics.framework */,
				BF58031F18513A49007842A0 /* UIKit.framework */,
				BF58033A18513A49007842A0 /* XCTest.framework */,
			);
			name = Frameworks;
			sourceTree = "<group>";
		};
		BF58032118513A49007842A0 /* Grand Lucayan - Guest App */ = {
			isa = PBXGroup;
			children = (
				BFB89D0D18524E570084BEDD /* ActivityViewController.h */,
				BFB89D0E18524E570084BEDD /* ActivityViewController.m */,
				BF58032A18513A49007842A0 /* AppDelegate.h */,
				BF58032B18513A49007842A0 /* AppDelegate.m */,
				BF08366318523A39000114FD /* LobbyViewController.h */,
				BF08366418523A39000114FD /* LobbyViewController.m */,
				BFEE6DDF18539845001377B2 /* MyPartyViewController.h */,
				BFEE6DE018539845001377B2 /* MyPartyViewController.m */,
				BF58032D18513A49007842A0 /* Main.storyboard */,
				BFB89D0518524DFF0084BEDD /* SignInViewController.h */,
				BFB89D0618524DFF0084BEDD /* SignInViewController.m */,
				BFB89D0118524D380084BEDD /* SplashViewController.h */,
				BFB89D0218524D380084BEDD /* SplashViewController.m */,
				BFB89D0918524E4D0084BEDD /* UIViewController+LookAndFeelCustomizations.h */,
				BFB89D0A18524E4D0084BEDD /* UIViewController+LookAndFeelCustomizations.m */,
				BF58033018513A49007842A0 /* ViewController.h */,
				BF58033118513A49007842A0 /* ViewController.m */,
				BFEE6DE618562F96001377B2 /* WeatherViewController.h */,
				BFEE6DE718562F96001377B2 /* WeatherViewController.m */,
				BF58033318513A49007842A0 /* Images.xcassets */,
				BF58032218513A49007842A0 /* Supporting Files */,
			);
			path = "Grand Lucayan - Guest App";
			sourceTree = "<group>";
		};
		BF58032218513A49007842A0 /* Supporting Files */ = {
			isa = PBXGroup;
			children = (
				BF58032318513A49007842A0 /* Grand Lucayan - Guest App-Info.plist */,
				BF58032418513A49007842A0 /* InfoPlist.strings */,
				BF58032718513A49007842A0 /* main.m */,
				BF58032918513A49007842A0 /* Grand Lucayan - Guest App-Prefix.pch */,
				BFEE6DE31856028C001377B2 /* Settings.bundle */,
			);
			name = "Supporting Files";
			sourceTree = "<group>";
		};
		BF58034018513A49007842A0 /* Grand Lucayan - Guest AppTests */ = {
			isa = PBXGroup;
			children = (
				A621D83A1854DC1E001FA484 /* XCAsynchronousTestCase.h */,
				A621D83B1854DC1E001FA484 /* XCAsynchronousTestCase.m */,
				BF58034618513A49007842A0 /* Grand_Lucayan___Guest_AppTests.m */,
				BF58034118513A49007842A0 /* Supporting Files */,
				A621D8381854DBE1001FA484 /* WebserviceTests.m */,
			);
			path = "Grand Lucayan - Guest AppTests";
			sourceTree = "<group>";
		};
		BF58034118513A49007842A0 /* Supporting Files */ = {
			isa = PBXGroup;
			children = (
				BF58034218513A49007842A0 /* Grand Lucayan - Guest AppTests-Info.plist */,
				BF58034318513A49007842A0 /* InfoPlist.strings */,
			);
			name = "Supporting Files";
			sourceTree = "<group>";
		};
/* End PBXGroup section */

/* Begin PBXNativeTarget section */
		BF58031718513A49007842A0 /* Grand Lucayan - Guest App */ = {
			isa = PBXNativeTarget;
			buildConfigurationList = BF58034A18513A49007842A0 /* Build configuration list for PBXNativeTarget "Grand Lucayan - Guest App" */;
			buildPhases = (
				BF58031418513A49007842A0 /* Sources */,
				BF58031518513A49007842A0 /* Frameworks */,
				BF58031618513A49007842A0 /* Resources */,
			);
			buildRules = (
			);
			dependencies = (
			);
			name = "Grand Lucayan - Guest App";
			productName = "Grand Lucayan - Guest App";
			productReference = BF58031818513A49007842A0 /* Grand Lucayan - Guest App.app */;
			productType = "com.apple.product-type.application";
		};
		BF58033818513A49007842A0 /* Grand Lucayan - Guest AppTests */ = {
			isa = PBXNativeTarget;
			buildConfigurationList = BF58034D18513A49007842A0 /* Build configuration list for PBXNativeTarget "Grand Lucayan - Guest AppTests" */;
			buildPhases = (
				BF58033518513A49007842A0 /* Sources */,
				BF58033618513A49007842A0 /* Frameworks */,
				BF58033718513A49007842A0 /* Resources */,
			);
			buildRules = (
			);
			dependencies = (
				BF58033F18513A49007842A0 /* PBXTargetDependency */,
			);
			name = "Grand Lucayan - Guest AppTests";
			productName = "Grand Lucayan - Guest AppTests";
			productReference = BF58033918513A49007842A0 /* Grand Lucayan - Guest AppTests.xctest */;
			productType = "com.apple.product-type.bundle.unit-test";
		};
/* End PBXNativeTarget section */

/* Begin PBXProject section */
		BF58031018513A49007842A0 /* Project object */ = {
			isa = PBXProject;
			attributes = {
				LastUpgradeCheck = 0500;
				ORGANIZATIONNAME = "Grand Lucayan";
				TargetAttributes = {
					BF58031718513A49007842A0 = {
						DevelopmentTeam = HD6AC27BK2;
					};
					BF58033818513A49007842A0 = {
						TestTargetID = BF58031718513A49007842A0;
					};
				};
			};
			buildConfigurationList = BF58031318513A49007842A0 /* Build configuration list for PBXProject "Grand Lucayan - Guest App" */;
			compatibilityVersion = "Xcode 3.2";
			developmentRegion = English;
			hasScannedForEncodings = 0;
			knownRegions = (
				en,
				Base,
			);
			mainGroup = BF58030F18513A49007842A0;
			productRefGroup = BF58031918513A49007842A0 /* Products */;
			projectDirPath = "";
			projectRoot = "";
			targets = (
				BF58031718513A49007842A0 /* Grand Lucayan - Guest App */,
				BF58033818513A49007842A0 /* Grand Lucayan - Guest AppTests */,
			);
		};
/* End PBXProject section */

/* Begin PBXResourcesBuildPhase section */
		BF58031618513A49007842A0 /* Resources */ = {
			isa = PBXResourcesBuildPhase;
			buildActionMask = 2147483647;
			files = (
				BFEE6DE41856028C001377B2 /* Settings.bundle in Resources */,
				BF58033418513A49007842A0 /* Images.xcassets in Resources */,
				BF58032618513A49007842A0 /* InfoPlist.strings in Resources */,
				BF58032F18513A49007842A0 /* Main.storyboard in Resources */,
			);
			runOnlyForDeploymentPostprocessing = 0;
		};
		BF58033718513A49007842A0 /* Resources */ = {
			isa = PBXResourcesBuildPhase;
			buildActionMask = 2147483647;
			files = (
				BFEE6DE51856028C001377B2 /* Settings.bundle in Resources */,
				BF58034518513A49007842A0 /* InfoPlist.strings in Resources */,
			);
			runOnlyForDeploymentPostprocessing = 0;
		};
/* End PBXResourcesBuildPhase section */

/* Begin PBXSourcesBuildPhase section */
		BF58031418513A49007842A0 /* Sources */ = {
			isa = PBXSourcesBuildPhase;
			buildActionMask = 2147483647;
			files = (
				A67B6DAB1854EC2400239902 /* GuestWebservice.m in Sources */,
				A67B6DAC1854EC2400239902 /* LocationWebservice.m in Sources */,
				A6F6FE141854C89E0055DBEC /* BaseWebservice.m in Sources */,
				BFB89D0318524D380084BEDD /* SplashViewController.m in Sources */,
				BFB89D0B18524E4D0084BEDD /* UIViewController+LookAndFeelCustomizations.m in Sources */,
				BF58033218513A49007842A0 /* ViewController.m in Sources */,
				BFEE6DE118539845001377B2 /* MyPartyViewController.m in Sources */,
				BF58032C18513A49007842A0 /* AppDelegate.m in Sources */,
				BF58032818513A49007842A0 /* main.m in Sources */,
				BFB89D0718524DFF0084BEDD /* SignInViewController.m in Sources */,
				BFEE6DE818562F96001377B2 /* WeatherViewController.m in Sources */,
				BF08366518523A39000114FD /* LobbyViewController.m in Sources */,
				BFB89D0F18524E570084BEDD /* ActivityViewController.m in Sources */,
			);
			runOnlyForDeploymentPostprocessing = 0;
		};
		BF58033518513A49007842A0 /* Sources */ = {
			isa = PBXSourcesBuildPhase;
			buildActionMask = 2147483647;
			files = (
				BFEE6DE218539845001377B2 /* MyPartyViewController.m in Sources */,
				BFB89D0818524DFF0084BEDD /* SignInViewController.m in Sources */,
				A621D83C1854DC1E001FA484 /* XCAsynchronousTestCase.m in Sources */,
				BFEE6DE918562F96001377B2 /* WeatherViewController.m in Sources */,
				A621D8391854DBE1001FA484 /* WebserviceTests.m in Sources */,
				BFB89D1018524E570084BEDD /* ActivityViewController.m in Sources */,
				BF58034718513A49007842A0 /* Grand_Lucayan___Guest_AppTests.m in Sources */,
				BF08366618523A39000114FD /* LobbyViewController.m in Sources */,
				BFB89D0C18524E4D0084BEDD /* UIViewController+LookAndFeelCustomizations.m in Sources */,
				BFB89D0418524D380084BEDD /* SplashViewController.m in Sources */,
			);
			runOnlyForDeploymentPostprocessing = 0;
		};
/* End PBXSourcesBuildPhase section */

/* Begin PBXTargetDependency section */
		BF58033F18513A49007842A0 /* PBXTargetDependency */ = {
			isa = PBXTargetDependency;
			target = BF58031718513A49007842A0 /* Grand Lucayan - Guest App */;
			targetProxy = BF58033E18513A49007842A0 /* PBXContainerItemProxy */;
		};
/* End PBXTargetDependency section */

/* Begin PBXVariantGroup section */
		BF58032418513A49007842A0 /* InfoPlist.strings */ = {
			isa = PBXVariantGroup;
			children = (
				BF58032518513A49007842A0 /* en */,
			);
			name = InfoPlist.strings;
			sourceTree = "<group>";
		};
		BF58032D18513A49007842A0 /* Main.storyboard */ = {
			isa = PBXVariantGroup;
			children = (
				BF58032E18513A49007842A0 /* Base */,
			);
			name = Main.storyboard;
			sourceTree = "<group>";
		};
		BF58034318513A49007842A0 /* InfoPlist.strings */ = {
			isa = PBXVariantGroup;
			children = (
				BF58034418513A49007842A0 /* en */,
			);
			name = InfoPlist.strings;
			sourceTree = "<group>";
		};
/* End PBXVariantGroup section */

/* Begin XCBuildConfiguration section */
		BF58034818513A49007842A0 /* Debug */ = {
			isa = XCBuildConfiguration;
			buildSettings = {
				ALWAYS_SEARCH_USER_PATHS = NO;
				ARCHS = "$(ARCHS_STANDARD_INCLUDING_64_BIT)";
				CLANG_CXX_LANGUAGE_STANDARD = "gnu++0x";
				CLANG_CXX_LIBRARY = "libc++";
				CLANG_ENABLE_MODULES = YES;
				CLANG_ENABLE_OBJC_ARC = YES;
				CLANG_WARN_BOOL_CONVERSION = YES;
				CLANG_WARN_CONSTANT_CONVERSION = YES;
				CLANG_WARN_DIRECT_OBJC_ISA_USAGE = YES_ERROR;
				CLANG_WARN_EMPTY_BODY = YES;
				CLANG_WARN_ENUM_CONVERSION = YES;
				CLANG_WARN_INT_CONVERSION = YES;
				CLANG_WARN_OBJC_ROOT_CLASS = YES_ERROR;
				CLANG_WARN__DUPLICATE_METHOD_MATCH = YES;
				"CODE_SIGN_IDENTITY[sdk=iphoneos*]" = "iPhone Developer";
				COPY_PHASE_STRIP = NO;
				GCC_C_LANGUAGE_STANDARD = gnu99;
				GCC_DYNAMIC_NO_PIC = NO;
				GCC_OPTIMIZATION_LEVEL = 0;
				GCC_PREPROCESSOR_DEFINITIONS = (
					"DEBUG=1",
					"$(inherited)",
				);
				GCC_SYMBOLS_PRIVATE_EXTERN = NO;
				GCC_WARN_64_TO_32_BIT_CONVERSION = YES;
				GCC_WARN_ABOUT_RETURN_TYPE = YES_ERROR;
				GCC_WARN_UNDECLARED_SELECTOR = YES;
				GCC_WARN_UNINITIALIZED_AUTOS = YES;
				GCC_WARN_UNUSED_FUNCTION = YES;
				GCC_WARN_UNUSED_VARIABLE = YES;
				IPHONEOS_DEPLOYMENT_TARGET = 7.0;
				ONLY_ACTIVE_ARCH = YES;
				SDKROOT = iphoneos;
			};
			name = Debug;
		};
		BF58034918513A49007842A0 /* Release */ = {
			isa = XCBuildConfiguration;
			buildSettings = {
				ALWAYS_SEARCH_USER_PATHS = NO;
				ARCHS = "$(ARCHS_STANDARD_INCLUDING_64_BIT)";
				CLANG_CXX_LANGUAGE_STANDARD = "gnu++0x";
				CLANG_CXX_LIBRARY = "libc++";
				CLANG_ENABLE_MODULES = YES;
				CLANG_ENABLE_OBJC_ARC = YES;
				CLANG_WARN_BOOL_CONVERSION = YES;
				CLANG_WARN_CONSTANT_CONVERSION = YES;
				CLANG_WARN_DIRECT_OBJC_ISA_USAGE = YES_ERROR;
				CLANG_WARN_EMPTY_BODY = YES;
				CLANG_WARN_ENUM_CONVERSION = YES;
				CLANG_WARN_INT_CONVERSION = YES;
				CLANG_WARN_OBJC_ROOT_CLASS = YES_ERROR;
				CLANG_WARN__DUPLICATE_METHOD_MATCH = YES;
				"CODE_SIGN_IDENTITY[sdk=iphoneos*]" = "iPhone Developer";
				COPY_PHASE_STRIP = YES;
				ENABLE_NS_ASSERTIONS = NO;
				GCC_C_LANGUAGE_STANDARD = gnu99;
				GCC_WARN_64_TO_32_BIT_CONVERSION = YES;
				GCC_WARN_ABOUT_RETURN_TYPE = YES_ERROR;
				GCC_WARN_UNDECLARED_SELECTOR = YES;
				GCC_WARN_UNINITIALIZED_AUTOS = YES;
				GCC_WARN_UNUSED_FUNCTION = YES;
				GCC_WARN_UNUSED_VARIABLE = YES;
				IPHONEOS_DEPLOYMENT_TARGET = 7.0;
				SDKROOT = iphoneos;
				VALIDATE_PRODUCT = YES;
			};
			name = Release;
		};
		BF58034B18513A49007842A0 /* Debug */ = {
			isa = XCBuildConfiguration;
			buildSettings = {
				ASSETCATALOG_COMPILER_APPICON_NAME = AppIcon;
				ASSETCATALOG_COMPILER_LAUNCHIMAGE_NAME = LaunchImage;
				CODE_SIGN_IDENTITY = "iPhone Developer";
				"CODE_SIGN_IDENTITY[sdk=iphoneos*]" = "iPhone Developer";
				GCC_PRECOMPILE_PREFIX_HEADER = YES;
				GCC_PREFIX_HEADER = "Grand Lucayan - Guest App/Grand Lucayan - Guest App-Prefix.pch";
				HEADER_SEARCH_PATHS = (
					"$(inherited)",
					/Applications/Xcode.app/Contents/Developer/Toolchains/XcodeDefault.xctoolchain/usr/include,
					"$(SRCROOT)/../Libraries/CoreNetworkCommunicationProject/include/CoreNetworkCommunicationLibrary",
					"$(SRCROOT)/../Shared//Webservices",
				);
				INFOPLIST_FILE = "Grand Lucayan - Guest App/Grand Lucayan - Guest App-Info.plist";
				LIBRARY_SEARCH_PATHS = "$(inherited)";
				"LIBRARY_SEARCH_PATHS[sdk=iphoneos7.0]" = (
					"$(inherited)",
					"$(SRCROOT)/../Libraries/CoreNetworkCommunicationProject/Debug-iphoneos",
				);
				"LIBRARY_SEARCH_PATHS[sdk=iphonesimulator7.0]" = (
					"$(inherited)",
					"$(SRCROOT)/../Libraries/CoreNetworkCommunicationProject/Debug-iphonesimulator",
				);
				OTHER_LDFLAGS = (
					"-ObjC",
					"-lCoreNetworkCommunicationLibrary",
				);
				PRODUCT_NAME = "$(TARGET_NAME)";
				PROVISIONING_PROFILE = "";
				WRAPPER_EXTENSION = app;
			};
			name = Debug;
		};
		BF58034C18513A49007842A0 /* Release */ = {
			isa = XCBuildConfiguration;
			buildSettings = {
				ASSETCATALOG_COMPILER_APPICON_NAME = AppIcon;
				ASSETCATALOG_COMPILER_LAUNCHIMAGE_NAME = LaunchImage;
				CODE_SIGN_IDENTITY = "iPhone Developer";
				"CODE_SIGN_IDENTITY[sdk=iphoneos*]" = "iPhone Developer";
				GCC_PRECOMPILE_PREFIX_HEADER = YES;
				GCC_PREFIX_HEADER = "Grand Lucayan - Guest App/Grand Lucayan - Guest App-Prefix.pch";
				HEADER_SEARCH_PATHS = (
					"$(inherited)",
					/Applications/Xcode.app/Contents/Developer/Toolchains/XcodeDefault.xctoolchain/usr/include,
					"$(SRCROOT)/../Libraries/CoreNetworkCommunicationProject/include/CoreNetworkCommunicationLibrary",
					"$(SRCROOT)/../Shared//Webservices",
				);
				INFOPLIST_FILE = "Grand Lucayan - Guest App/Grand Lucayan - Guest App-Info.plist";
				LIBRARY_SEARCH_PATHS = "$(inherited)";
				"LIBRARY_SEARCH_PATHS[sdk=iphoneos7.0]" = (
					"$(inherited)",
					"$(SRCROOT)/../Libraries/CoreNetworkCommunicationProject/Release-iphoneos",
				);
				"LIBRARY_SEARCH_PATHS[sdk=iphonesimulator7.0]" = (
					"$(inherited)",
					"$(SRCROOT)/../Libraries/CoreNetworkCommunicationProject/Release-iphonesimulator",
				);
				OTHER_LDFLAGS = (
					"-ObjC",
					"-lCoreNetworkCommunicationLibrary",
				);
				PRODUCT_NAME = "$(TARGET_NAME)";
				PROVISIONING_PROFILE = "";
				WRAPPER_EXTENSION = app;
			};
			name = Release;
		};
		BF58034E18513A49007842A0 /* Debug */ = {
			isa = XCBuildConfiguration;
			buildSettings = {
				ARCHS = "$(ARCHS_STANDARD_INCLUDING_64_BIT)";
				BUNDLE_LOADER = "$(BUILT_PRODUCTS_DIR)/Grand Lucayan - Guest App.app/Grand Lucayan - Guest App";
				FRAMEWORK_SEARCH_PATHS = (
					"$(SDKROOT)/Developer/Library/Frameworks",
					"$(inherited)",
					"$(DEVELOPER_FRAMEWORKS_DIR)",
				);
				GCC_PRECOMPILE_PREFIX_HEADER = YES;
				GCC_PREFIX_HEADER = "Grand Lucayan - Guest App/Grand Lucayan - Guest App-Prefix.pch";
				GCC_PREPROCESSOR_DEFINITIONS = (
					"DEBUG=1",
					"$(inherited)",
				);
				HEADER_SEARCH_PATHS = (
					"$(inherited)",
					/Applications/Xcode.app/Contents/Developer/Toolchains/XcodeDefault.xctoolchain/usr/include,
					"$(SRCROOT)/../Libraries/CoreNetworkCommunicationProject/include/CoreNetworkCommunicationLibrary",
					"$(SRCROOT)/../Shared//Webservices",
				);
				INFOPLIST_FILE = "Grand Lucayan - Guest AppTests/Grand Lucayan - Guest AppTests-Info.plist";
				PRODUCT_NAME = "$(TARGET_NAME)";
				TEST_HOST = "$(BUNDLE_LOADER)";
				WRAPPER_EXTENSION = xctest;
			};
			name = Debug;
		};
		BF58034F18513A49007842A0 /* Release */ = {
			isa = XCBuildConfiguration;
			buildSettings = {
				ARCHS = "$(ARCHS_STANDARD_INCLUDING_64_BIT)";
				BUNDLE_LOADER = "$(BUILT_PRODUCTS_DIR)/Grand Lucayan - Guest App.app/Grand Lucayan - Guest App";
				FRAMEWORK_SEARCH_PATHS = (
					"$(SDKROOT)/Developer/Library/Frameworks",
					"$(inherited)",
					"$(DEVELOPER_FRAMEWORKS_DIR)",
				);
				GCC_PRECOMPILE_PREFIX_HEADER = YES;
				GCC_PREFIX_HEADER = "Grand Lucayan - Guest App/Grand Lucayan - Guest App-Prefix.pch";
				HEADER_SEARCH_PATHS = (
					"$(inherited)",
					/Applications/Xcode.app/Contents/Developer/Toolchains/XcodeDefault.xctoolchain/usr/include,
					"$(SRCROOT)/../Libraries/CoreNetworkCommunicationProject/include/CoreNetworkCommunicationLibrary",
					"$(SRCROOT)/../Shared//Webservices",
				);
				INFOPLIST_FILE = "Grand Lucayan - Guest AppTests/Grand Lucayan - Guest AppTests-Info.plist";
				PRODUCT_NAME = "$(TARGET_NAME)";
				TEST_HOST = "$(BUNDLE_LOADER)";
				WRAPPER_EXTENSION = xctest;
			};
			name = Release;
		};
/* End XCBuildConfiguration section */

/* Begin XCConfigurationList section */
		BF58031318513A49007842A0 /* Build configuration list for PBXProject "Grand Lucayan - Guest App" */ = {
			isa = XCConfigurationList;
			buildConfigurations = (
				BF58034818513A49007842A0 /* Debug */,
				BF58034918513A49007842A0 /* Release */,
			);
			defaultConfigurationIsVisible = 0;
			defaultConfigurationName = Release;
		};
		BF58034A18513A49007842A0 /* Build configuration list for PBXNativeTarget "Grand Lucayan - Guest App" */ = {
			isa = XCConfigurationList;
			buildConfigurations = (
				BF58034B18513A49007842A0 /* Debug */,
				BF58034C18513A49007842A0 /* Release */,
			);
			defaultConfigurationIsVisible = 0;
			defaultConfigurationName = Release;
		};
		BF58034D18513A49007842A0 /* Build configuration list for PBXNativeTarget "Grand Lucayan - Guest AppTests" */ = {
			isa = XCConfigurationList;
			buildConfigurations = (
				BF58034E18513A49007842A0 /* Debug */,
				BF58034F18513A49007842A0 /* Release */,
			);
			defaultConfigurationIsVisible = 0;
			defaultConfigurationName = Release;
		};
/* End XCConfigurationList section */
	};
	rootObject = BF58031018513A49007842A0 /* Project object */;
}
