// !$*UTF8*$!
{
	archiveVersion = 1;
	classes = {
	};
	objectVersion = 46;
	objects = {

/* Begin PBXBuildFile section */
		A69529BE18525EA500E9ED2B /* SpaBeaconViewController.m in Sources */ = {isa = PBXBuildFile; fileRef = A69529BD18525EA500E9ED2B /* SpaBeaconViewController.m */; };
		A69529C118525EB600E9ED2B /* DiningBeaconViewController.m in Sources */ = {isa = PBXBuildFile; fileRef = A69529C018525EB600E9ED2B /* DiningBeaconViewController.m */; };
		A69529C418525EC600E9ED2B /* TennisBeaconViewController.m in Sources */ = {isa = PBXBuildFile; fileRef = A69529C318525EC600E9ED2B /* TennisBeaconViewController.m */; };
		A69529C71852600200E9ED2B /* CoreBluetooth.framework in Frameworks */ = {isa = PBXBuildFile; fileRef = A69529C51852600200E9ED2B /* CoreBluetooth.framework */; };
		A69529C81852600200E9ED2B /* CoreLocation.framework in Frameworks */ = {isa = PBXBuildFile; fileRef = A69529C61852600200E9ED2B /* CoreLocation.framework */; };
		BF58035D1852159D007842A0 /* Foundation.framework in Frameworks */ = {isa = PBXBuildFile; fileRef = BF58035C1852159D007842A0 /* Foundation.framework */; };
		BF58035F1852159D007842A0 /* CoreGraphics.framework in Frameworks */ = {isa = PBXBuildFile; fileRef = BF58035E1852159D007842A0 /* CoreGraphics.framework */; };
		BF5803611852159D007842A0 /* UIKit.framework in Frameworks */ = {isa = PBXBuildFile; fileRef = BF5803601852159D007842A0 /* UIKit.framework */; };
		BF5803671852159D007842A0 /* InfoPlist.strings in Resources */ = {isa = PBXBuildFile; fileRef = BF5803651852159D007842A0 /* InfoPlist.strings */; };
		BF5803691852159D007842A0 /* main.m in Sources */ = {isa = PBXBuildFile; fileRef = BF5803681852159D007842A0 /* main.m */; };
		BF58036D1852159D007842A0 /* AppDelegate.m in Sources */ = {isa = PBXBuildFile; fileRef = BF58036C1852159D007842A0 /* AppDelegate.m */; };
		BF5803701852159D007842A0 /* Main_iPhone.storyboard in Resources */ = {isa = PBXBuildFile; fileRef = BF58036E1852159D007842A0 /* Main_iPhone.storyboard */; };
		BF5803731852159D007842A0 /* Main_iPad.storyboard in Resources */ = {isa = PBXBuildFile; fileRef = BF5803711852159D007842A0 /* Main_iPad.storyboard */; };
		BF5803761852159D007842A0 /* ViewController.m in Sources */ = {isa = PBXBuildFile; fileRef = BF5803751852159D007842A0 /* ViewController.m */; };
		BF5803781852159D007842A0 /* Images.xcassets in Resources */ = {isa = PBXBuildFile; fileRef = BF5803771852159D007842A0 /* Images.xcassets */; };
		BF58037F1852159E007842A0 /* XCTest.framework in Frameworks */ = {isa = PBXBuildFile; fileRef = BF58037E1852159E007842A0 /* XCTest.framework */; };
		BF5803801852159E007842A0 /* Foundation.framework in Frameworks */ = {isa = PBXBuildFile; fileRef = BF58035C1852159D007842A0 /* Foundation.framework */; };
		BF5803811852159E007842A0 /* UIKit.framework in Frameworks */ = {isa = PBXBuildFile; fileRef = BF5803601852159D007842A0 /* UIKit.framework */; };
		BF5803891852159E007842A0 /* InfoPlist.strings in Resources */ = {isa = PBXBuildFile; fileRef = BF5803871852159E007842A0 /* InfoPlist.strings */; };
		BF58038B1852159E007842A0 /* Beacon_SimTests.m in Sources */ = {isa = PBXBuildFile; fileRef = BF58038A1852159E007842A0 /* Beacon_SimTests.m */; };
/* End PBXBuildFile section */

/* Begin PBXContainerItemProxy section */
		BF5803821852159E007842A0 /* PBXContainerItemProxy */ = {
			isa = PBXContainerItemProxy;
			containerPortal = BF5803511852159D007842A0 /* Project object */;
			proxyType = 1;
			remoteGlobalIDString = BF5803581852159D007842A0;
			remoteInfo = "Beacon Sim";
		};
/* End PBXContainerItemProxy section */

/* Begin PBXFileReference section */
		A69529BC18525EA500E9ED2B /* SpaBeaconViewController.h */ = {isa = PBXFileReference; fileEncoding = 4; lastKnownFileType = sourcecode.c.h; path = SpaBeaconViewController.h; sourceTree = "<group>"; };
		A69529BD18525EA500E9ED2B /* SpaBeaconViewController.m */ = {isa = PBXFileReference; fileEncoding = 4; lastKnownFileType = sourcecode.c.objc; path = SpaBeaconViewController.m; sourceTree = "<group>"; };
		A69529BF18525EB600E9ED2B /* DiningBeaconViewController.h */ = {isa = PBXFileReference; fileEncoding = 4; lastKnownFileType = sourcecode.c.h; path = DiningBeaconViewController.h; sourceTree = "<group>"; };
		A69529C018525EB600E9ED2B /* DiningBeaconViewController.m */ = {isa = PBXFileReference; fileEncoding = 4; lastKnownFileType = sourcecode.c.objc; path = DiningBeaconViewController.m; sourceTree = "<group>"; };
		A69529C218525EC600E9ED2B /* TennisBeaconViewController.h */ = {isa = PBXFileReference; fileEncoding = 4; lastKnownFileType = sourcecode.c.h; path = TennisBeaconViewController.h; sourceTree = "<group>"; };
		A69529C318525EC600E9ED2B /* TennisBeaconViewController.m */ = {isa = PBXFileReference; fileEncoding = 4; lastKnownFileType = sourcecode.c.objc; path = TennisBeaconViewController.m; sourceTree = "<group>"; };
		A69529C51852600200E9ED2B /* CoreBluetooth.framework */ = {isa = PBXFileReference; lastKnownFileType = wrapper.framework; name = CoreBluetooth.framework; path = System/Library/Frameworks/CoreBluetooth.framework; sourceTree = SDKROOT; };
		A69529C61852600200E9ED2B /* CoreLocation.framework */ = {isa = PBXFileReference; lastKnownFileType = wrapper.framework; name = CoreLocation.framework; path = System/Library/Frameworks/CoreLocation.framework; sourceTree = SDKROOT; };
		A69529CD1852618700E9ED2B /* BeaconDefinitions.h */ = {isa = PBXFileReference; lastKnownFileType = sourcecode.c.h; name = BeaconDefinitions.h; path = ../BeaconDefinitions.h; sourceTree = "<group>"; };
		BF5803591852159D007842A0 /* Beacon Sim.app */ = {isa = PBXFileReference; explicitFileType = wrapper.application; includeInIndex = 0; path = "Beacon Sim.app"; sourceTree = BUILT_PRODUCTS_DIR; };
		BF58035C1852159D007842A0 /* Foundation.framework */ = {isa = PBXFileReference; lastKnownFileType = wrapper.framework; name = Foundation.framework; path = System/Library/Frameworks/Foundation.framework; sourceTree = SDKROOT; };
		BF58035E1852159D007842A0 /* CoreGraphics.framework */ = {isa = PBXFileReference; lastKnownFileType = wrapper.framework; name = CoreGraphics.framework; path = System/Library/Frameworks/CoreGraphics.framework; sourceTree = SDKROOT; };
		BF5803601852159D007842A0 /* UIKit.framework */ = {isa = PBXFileReference; lastKnownFileType = wrapper.framework; name = UIKit.framework; path = System/Library/Frameworks/UIKit.framework; sourceTree = SDKROOT; };
		BF5803641852159D007842A0 /* Beacon Sim-Info.plist */ = {isa = PBXFileReference; lastKnownFileType = text.plist.xml; path = "Beacon Sim-Info.plist"; sourceTree = "<group>"; };
		BF5803661852159D007842A0 /* en */ = {isa = PBXFileReference; lastKnownFileType = text.plist.strings; name = en; path = en.lproj/InfoPlist.strings; sourceTree = "<group>"; };
		BF5803681852159D007842A0 /* main.m */ = {isa = PBXFileReference; lastKnownFileType = sourcecode.c.objc; path = main.m; sourceTree = "<group>"; };
		BF58036A1852159D007842A0 /* Beacon Sim-Prefix.pch */ = {isa = PBXFileReference; lastKnownFileType = sourcecode.c.h; path = "Beacon Sim-Prefix.pch"; sourceTree = "<group>"; };
		BF58036B1852159D007842A0 /* AppDelegate.h */ = {isa = PBXFileReference; lastKnownFileType = sourcecode.c.h; path = AppDelegate.h; sourceTree = "<group>"; };
		BF58036C1852159D007842A0 /* AppDelegate.m */ = {isa = PBXFileReference; lastKnownFileType = sourcecode.c.objc; path = AppDelegate.m; sourceTree = "<group>"; };
		BF58036F1852159D007842A0 /* Base */ = {isa = PBXFileReference; lastKnownFileType = file.storyboard; name = Base; path = Base.lproj/Main_iPhone.storyboard; sourceTree = "<group>"; };
		BF5803721852159D007842A0 /* Base */ = {isa = PBXFileReference; lastKnownFileType = file.storyboard; name = Base; path = Base.lproj/Main_iPad.storyboard; sourceTree = "<group>"; };
		BF5803741852159D007842A0 /* ViewController.h */ = {isa = PBXFileReference; lastKnownFileType = sourcecode.c.h; path = ViewController.h; sourceTree = "<group>"; };
		BF5803751852159D007842A0 /* ViewController.m */ = {isa = PBXFileReference; lastKnownFileType = sourcecode.c.objc; path = ViewController.m; sourceTree = "<group>"; };
		BF5803771852159D007842A0 /* Images.xcassets */ = {isa = PBXFileReference; lastKnownFileType = folder.assetcatalog; path = Images.xcassets; sourceTree = "<group>"; };
		BF58037D1852159E007842A0 /* Beacon SimTests.xctest */ = {isa = PBXFileReference; explicitFileType = wrapper.cfbundle; includeInIndex = 0; path = "Beacon SimTests.xctest"; sourceTree = BUILT_PRODUCTS_DIR; };
		BF58037E1852159E007842A0 /* XCTest.framework */ = {isa = PBXFileReference; lastKnownFileType = wrapper.framework; name = XCTest.framework; path = Library/Frameworks/XCTest.framework; sourceTree = DEVELOPER_DIR; };
		BF5803861852159E007842A0 /* Beacon SimTests-Info.plist */ = {isa = PBXFileReference; lastKnownFileType = text.plist.xml; path = "Beacon SimTests-Info.plist"; sourceTree = "<group>"; };
		BF5803881852159E007842A0 /* en */ = {isa = PBXFileReference; lastKnownFileType = text.plist.strings; name = en; path = en.lproj/InfoPlist.strings; sourceTree = "<group>"; };
		BF58038A1852159E007842A0 /* Beacon_SimTests.m */ = {isa = PBXFileReference; lastKnownFileType = sourcecode.c.objc; path = Beacon_SimTests.m; sourceTree = "<group>"; };
/* End PBXFileReference section */

/* Begin PBXFrameworksBuildPhase section */
		BF5803561852159D007842A0 /* Frameworks */ = {
			isa = PBXFrameworksBuildPhase;
			buildActionMask = 2147483647;
			files = (
				A69529C71852600200E9ED2B /* CoreBluetooth.framework in Frameworks */,
				A69529C81852600200E9ED2B /* CoreLocation.framework in Frameworks */,
				BF58035F1852159D007842A0 /* CoreGraphics.framework in Frameworks */,
				BF5803611852159D007842A0 /* UIKit.framework in Frameworks */,
				BF58035D1852159D007842A0 /* Foundation.framework in Frameworks */,
			);
			runOnlyForDeploymentPostprocessing = 0;
		};
		BF58037A1852159E007842A0 /* Frameworks */ = {
			isa = PBXFrameworksBuildPhase;
			buildActionMask = 2147483647;
			files = (
				BF58037F1852159E007842A0 /* XCTest.framework in Frameworks */,
				BF5803811852159E007842A0 /* UIKit.framework in Frameworks */,
				BF5803801852159E007842A0 /* Foundation.framework in Frameworks */,
			);
			runOnlyForDeploymentPostprocessing = 0;
		};
/* End PBXFrameworksBuildPhase section */

/* Begin PBXGroup section */
		BF5803501852159D007842A0 = {
			isa = PBXGroup;
			children = (
				A69529CD1852618700E9ED2B /* BeaconDefinitions.h */,
				BF5803621852159D007842A0 /* Beacon Sim */,
				BF5803841852159E007842A0 /* Beacon SimTests */,
				BF58035B1852159D007842A0 /* Frameworks */,
				BF58035A1852159D007842A0 /* Products */,
			);
			sourceTree = "<group>";
		};
		BF58035A1852159D007842A0 /* Products */ = {
			isa = PBXGroup;
			children = (
				BF5803591852159D007842A0 /* Beacon Sim.app */,
				BF58037D1852159E007842A0 /* Beacon SimTests.xctest */,
			);
			name = Products;
			sourceTree = "<group>";
		};
		BF58035B1852159D007842A0 /* Frameworks */ = {
			isa = PBXGroup;
			children = (
				A69529C51852600200E9ED2B /* CoreBluetooth.framework */,
				A69529C61852600200E9ED2B /* CoreLocation.framework */,
				BF58035C1852159D007842A0 /* Foundation.framework */,
				BF58035E1852159D007842A0 /* CoreGraphics.framework */,
				BF5803601852159D007842A0 /* UIKit.framework */,
				BF58037E1852159E007842A0 /* XCTest.framework */,
			);
			name = Frameworks;
			sourceTree = "<group>";
		};
		BF5803621852159D007842A0 /* Beacon Sim */ = {
			isa = PBXGroup;
			children = (
				BF58036B1852159D007842A0 /* AppDelegate.h */,
				BF58036C1852159D007842A0 /* AppDelegate.m */,
				A69529BF18525EB600E9ED2B /* DiningBeaconViewController.h */,
				A69529C018525EB600E9ED2B /* DiningBeaconViewController.m */,
				BF58036E1852159D007842A0 /* Main_iPhone.storyboard */,
				BF5803711852159D007842A0 /* Main_iPad.storyboard */,
				A69529BC18525EA500E9ED2B /* SpaBeaconViewController.h */,
				A69529BD18525EA500E9ED2B /* SpaBeaconViewController.m */,
				A69529C218525EC600E9ED2B /* TennisBeaconViewController.h */,
				A69529C318525EC600E9ED2B /* TennisBeaconViewController.m */,
				BF5803741852159D007842A0 /* ViewController.h */,
				BF5803751852159D007842A0 /* ViewController.m */,
				BF5803771852159D007842A0 /* Images.xcassets */,
				BF5803631852159D007842A0 /* Supporting Files */,
			);
			path = "Beacon Sim";
			sourceTree = "<group>";
		};
		BF5803631852159D007842A0 /* Supporting Files */ = {
			isa = PBXGroup;
			children = (
				BF5803641852159D007842A0 /* Beacon Sim-Info.plist */,
				BF5803651852159D007842A0 /* InfoPlist.strings */,
				BF5803681852159D007842A0 /* main.m */,
				BF58036A1852159D007842A0 /* Beacon Sim-Prefix.pch */,
			);
			name = "Supporting Files";
			sourceTree = "<group>";
		};
		BF5803841852159E007842A0 /* Beacon SimTests */ = {
			isa = PBXGroup;
			children = (
				BF58038A1852159E007842A0 /* Beacon_SimTests.m */,
				BF5803851852159E007842A0 /* Supporting Files */,
			);
			path = "Beacon SimTests";
			sourceTree = "<group>";
		};
		BF5803851852159E007842A0 /* Supporting Files */ = {
			isa = PBXGroup;
			children = (
				BF5803861852159E007842A0 /* Beacon SimTests-Info.plist */,
				BF5803871852159E007842A0 /* InfoPlist.strings */,
			);
			name = "Supporting Files";
			sourceTree = "<group>";
		};
/* End PBXGroup section */

/* Begin PBXNativeTarget section */
		BF5803581852159D007842A0 /* Beacon Sim */ = {
			isa = PBXNativeTarget;
			buildConfigurationList = BF58038E1852159E007842A0 /* Build configuration list for PBXNativeTarget "Beacon Sim" */;
			buildPhases = (
				BF5803551852159D007842A0 /* Sources */,
				BF5803561852159D007842A0 /* Frameworks */,
				BF5803571852159D007842A0 /* Resources */,
			);
			buildRules = (
			);
			dependencies = (
			);
			name = "Beacon Sim";
			productName = "Beacon Sim";
			productReference = BF5803591852159D007842A0 /* Beacon Sim.app */;
			productType = "com.apple.product-type.application";
		};
		BF58037C1852159E007842A0 /* Beacon SimTests */ = {
			isa = PBXNativeTarget;
			buildConfigurationList = BF5803911852159E007842A0 /* Build configuration list for PBXNativeTarget "Beacon SimTests" */;
			buildPhases = (
				BF5803791852159E007842A0 /* Sources */,
				BF58037A1852159E007842A0 /* Frameworks */,
				BF58037B1852159E007842A0 /* Resources */,
			);
			buildRules = (
			);
			dependencies = (
				BF5803831852159E007842A0 /* PBXTargetDependency */,
			);
			name = "Beacon SimTests";
			productName = "Beacon SimTests";
			productReference = BF58037D1852159E007842A0 /* Beacon SimTests.xctest */;
			productType = "com.apple.product-type.bundle.unit-test";
		};
/* End PBXNativeTarget section */

/* Begin PBXProject section */
		BF5803511852159D007842A0 /* Project object */ = {
			isa = PBXProject;
			attributes = {
				LastUpgradeCheck = 0500;
				ORGANIZATIONNAME = "Grand Lucayan";
				TargetAttributes = {
					BF5803581852159D007842A0 = {
						DevelopmentTeam = ZW82ETTB3F;
					};
					BF58037C1852159E007842A0 = {
						TestTargetID = BF5803581852159D007842A0;
					};
				};
			};
			buildConfigurationList = BF5803541852159D007842A0 /* Build configuration list for PBXProject "Beacon Sim" */;
			compatibilityVersion = "Xcode 3.2";
			developmentRegion = English;
			hasScannedForEncodings = 0;
			knownRegions = (
				en,
				Base,
			);
			mainGroup = BF5803501852159D007842A0;
			productRefGroup = BF58035A1852159D007842A0 /* Products */;
			projectDirPath = "";
			projectRoot = "";
			targets = (
				BF5803581852159D007842A0 /* Beacon Sim */,
				BF58037C1852159E007842A0 /* Beacon SimTests */,
			);
		};
/* End PBXProject section */

/* Begin PBXResourcesBuildPhase section */
		BF5803571852159D007842A0 /* Resources */ = {
			isa = PBXResourcesBuildPhase;
			buildActionMask = 2147483647;
			files = (
				BF5803731852159D007842A0 /* Main_iPad.storyboard in Resources */,
				BF5803781852159D007842A0 /* Images.xcassets in Resources */,
				BF5803701852159D007842A0 /* Main_iPhone.storyboard in Resources */,
				BF5803671852159D007842A0 /* InfoPlist.strings in Resources */,
			);
			runOnlyForDeploymentPostprocessing = 0;
		};
		BF58037B1852159E007842A0 /* Resources */ = {
			isa = PBXResourcesBuildPhase;
			buildActionMask = 2147483647;
			files = (
				BF5803891852159E007842A0 /* InfoPlist.strings in Resources */,
			);
			runOnlyForDeploymentPostprocessing = 0;
		};
/* End PBXResourcesBuildPhase section */

/* Begin PBXSourcesBuildPhase section */
		BF5803551852159D007842A0 /* Sources */ = {
			isa = PBXSourcesBuildPhase;
			buildActionMask = 2147483647;
			files = (
				BF5803761852159D007842A0 /* ViewController.m in Sources */,
				A69529C418525EC600E9ED2B /* TennisBeaconViewController.m in Sources */,
				A69529C118525EB600E9ED2B /* DiningBeaconViewController.m in Sources */,
				BF58036D1852159D007842A0 /* AppDelegate.m in Sources */,
				BF5803691852159D007842A0 /* main.m in Sources */,
				A69529BE18525EA500E9ED2B /* SpaBeaconViewController.m in Sources */,
			);
			runOnlyForDeploymentPostprocessing = 0;
		};
		BF5803791852159E007842A0 /* Sources */ = {
			isa = PBXSourcesBuildPhase;
			buildActionMask = 2147483647;
			files = (
				BF58038B1852159E007842A0 /* Beacon_SimTests.m in Sources */,
			);
			runOnlyForDeploymentPostprocessing = 0;
		};
/* End PBXSourcesBuildPhase section */

/* Begin PBXTargetDependency section */
		BF5803831852159E007842A0 /* PBXTargetDependency */ = {
			isa = PBXTargetDependency;
			target = BF5803581852159D007842A0 /* Beacon Sim */;
			targetProxy = BF5803821852159E007842A0 /* PBXContainerItemProxy */;
		};
/* End PBXTargetDependency section */

/* Begin PBXVariantGroup section */
		BF5803651852159D007842A0 /* InfoPlist.strings */ = {
			isa = PBXVariantGroup;
			children = (
				BF5803661852159D007842A0 /* en */,
			);
			name = InfoPlist.strings;
			sourceTree = "<group>";
		};
		BF58036E1852159D007842A0 /* Main_iPhone.storyboard */ = {
			isa = PBXVariantGroup;
			children = (
				BF58036F1852159D007842A0 /* Base */,
			);
			name = Main_iPhone.storyboard;
			sourceTree = "<group>";
		};
		BF5803711852159D007842A0 /* Main_iPad.storyboard */ = {
			isa = PBXVariantGroup;
			children = (
				BF5803721852159D007842A0 /* Base */,
			);
			name = Main_iPad.storyboard;
			sourceTree = "<group>";
		};
		BF5803871852159E007842A0 /* InfoPlist.strings */ = {
			isa = PBXVariantGroup;
			children = (
				BF5803881852159E007842A0 /* en */,
			);
			name = InfoPlist.strings;
			sourceTree = "<group>";
		};
/* End PBXVariantGroup section */

/* Begin XCBuildConfiguration section */
		BF58038C1852159E007842A0 /* Debug */ = {
			isa = XCBuildConfiguration;
			buildSettings = {
				ALWAYS_SEARCH_USER_PATHS = NO;
				ARCHS = "$(ARCHS_STANDARD_INCLUDING_64_BIT)";
				CLANG_CXX_LANGUAGE_STANDARD = "gnu++0x";
				CLANG_CXX_LIBRARY = "libc++";
				CLANG_ENABLE_MODULES = YES;
				CLANG_ENABLE_OBJC_ARC = YES;
				CLANG_WARN_BOOL_CONVERSION = YES;
				CLANG_WARN_CONSTANT_CONVERSION = YES;
				CLANG_WARN_DIRECT_OBJC_ISA_USAGE = YES_ERROR;
				CLANG_WARN_EMPTY_BODY = YES;
				CLANG_WARN_ENUM_CONVERSION = YES;
				CLANG_WARN_INT_CONVERSION = YES;
				CLANG_WARN_OBJC_ROOT_CLASS = YES_ERROR;
				CLANG_WARN__DUPLICATE_METHOD_MATCH = YES;
				"CODE_SIGN_IDENTITY[sdk=iphoneos*]" = "iPhone Developer";
				COPY_PHASE_STRIP = NO;
				GCC_C_LANGUAGE_STANDARD = gnu99;
				GCC_DYNAMIC_NO_PIC = NO;
				GCC_OPTIMIZATION_LEVEL = 0;
				GCC_PREPROCESSOR_DEFINITIONS = (
					"DEBUG=1",
					"$(inherited)",
				);
				GCC_SYMBOLS_PRIVATE_EXTERN = NO;
				GCC_WARN_64_TO_32_BIT_CONVERSION = YES;
				GCC_WARN_ABOUT_RETURN_TYPE = YES_ERROR;
				GCC_WARN_UNDECLARED_SELECTOR = YES;
				GCC_WARN_UNINITIALIZED_AUTOS = YES;
				GCC_WARN_UNUSED_FUNCTION = YES;
				GCC_WARN_UNUSED_VARIABLE = YES;
				IPHONEOS_DEPLOYMENT_TARGET = 7.0;
				ONLY_ACTIVE_ARCH = YES;
				SDKROOT = iphoneos;
				TARGETED_DEVICE_FAMILY = "1,2";
			};
			name = Debug;
		};
		BF58038D1852159E007842A0 /* Release */ = {
			isa = XCBuildConfiguration;
			buildSettings = {
				ALWAYS_SEARCH_USER_PATHS = NO;
				ARCHS = "$(ARCHS_STANDARD_INCLUDING_64_BIT)";
				CLANG_CXX_LANGUAGE_STANDARD = "gnu++0x";
				CLANG_CXX_LIBRARY = "libc++";
				CLANG_ENABLE_MODULES = YES;
				CLANG_ENABLE_OBJC_ARC = YES;
				CLANG_WARN_BOOL_CONVERSION = YES;
				CLANG_WARN_CONSTANT_CONVERSION = YES;
				CLANG_WARN_DIRECT_OBJC_ISA_USAGE = YES_ERROR;
				CLANG_WARN_EMPTY_BODY = YES;
				CLANG_WARN_ENUM_CONVERSION = YES;
				CLANG_WARN_INT_CONVERSION = YES;
				CLANG_WARN_OBJC_ROOT_CLASS = YES_ERROR;
				CLANG_WARN__DUPLICATE_METHOD_MATCH = YES;
				"CODE_SIGN_IDENTITY[sdk=iphoneos*]" = "iPhone Developer";
				COPY_PHASE_STRIP = YES;
				ENABLE_NS_ASSERTIONS = NO;
				GCC_C_LANGUAGE_STANDARD = gnu99;
				GCC_WARN_64_TO_32_BIT_CONVERSION = YES;
				GCC_WARN_ABOUT_RETURN_TYPE = YES_ERROR;
				GCC_WARN_UNDECLARED_SELECTOR = YES;
				GCC_WARN_UNINITIALIZED_AUTOS = YES;
				GCC_WARN_UNUSED_FUNCTION = YES;
				GCC_WARN_UNUSED_VARIABLE = YES;
				IPHONEOS_DEPLOYMENT_TARGET = 7.0;
				SDKROOT = iphoneos;
				TARGETED_DEVICE_FAMILY = "1,2";
				VALIDATE_PRODUCT = YES;
			};
			name = Release;
		};
		BF58038F1852159E007842A0 /* Debug */ = {
			isa = XCBuildConfiguration;
			buildSettings = {
				ASSETCATALOG_COMPILER_APPICON_NAME = AppIcon;
				ASSETCATALOG_COMPILER_LAUNCHIMAGE_NAME = LaunchImage;
				CODE_SIGN_IDENTITY = "iPhone Developer";
				"CODE_SIGN_IDENTITY[sdk=iphoneos*]" = "iPhone Developer";
				GCC_PRECOMPILE_PREFIX_HEADER = YES;
				GCC_PREFIX_HEADER = "Beacon Sim/Beacon Sim-Prefix.pch";
				INFOPLIST_FILE = "Beacon Sim/Beacon Sim-Info.plist";
				PRODUCT_NAME = "$(TARGET_NAME)";
				PROVISIONING_PROFILE = "";
				WRAPPER_EXTENSION = app;
			};
			name = Debug;
		};
		BF5803901852159E007842A0 /* Release */ = {
			isa = XCBuildConfiguration;
			buildSettings = {
				ASSETCATALOG_COMPILER_APPICON_NAME = AppIcon;
				ASSETCATALOG_COMPILER_LAUNCHIMAGE_NAME = LaunchImage;
				CODE_SIGN_IDENTITY = "iPhone Developer";
				"CODE_SIGN_IDENTITY[sdk=iphoneos*]" = "iPhone Developer";
				GCC_PRECOMPILE_PREFIX_HEADER = YES;
				GCC_PREFIX_HEADER = "Beacon Sim/Beacon Sim-Prefix.pch";
				INFOPLIST_FILE = "Beacon Sim/Beacon Sim-Info.plist";
				PRODUCT_NAME = "$(TARGET_NAME)";
				PROVISIONING_PROFILE = "";
				WRAPPER_EXTENSION = app;
			};
			name = Release;
		};
		BF5803921852159E007842A0 /* Debug */ = {
			isa = XCBuildConfiguration;
			buildSettings = {
				ARCHS = "$(ARCHS_STANDARD_INCLUDING_64_BIT)";
				BUNDLE_LOADER = "$(BUILT_PRODUCTS_DIR)/Beacon Sim.app/Beacon Sim";
				FRAMEWORK_SEARCH_PATHS = (
					"$(SDKROOT)/Developer/Library/Frameworks",
					"$(inherited)",
					"$(DEVELOPER_FRAMEWORKS_DIR)",
				);
				GCC_PRECOMPILE_PREFIX_HEADER = YES;
				GCC_PREFIX_HEADER = "Beacon Sim/Beacon Sim-Prefix.pch";
				GCC_PREPROCESSOR_DEFINITIONS = (
					"DEBUG=1",
					"$(inherited)",
				);
				INFOPLIST_FILE = "Beacon SimTests/Beacon SimTests-Info.plist";
				PRODUCT_NAME = "$(TARGET_NAME)";
				TEST_HOST = "$(BUNDLE_LOADER)";
				WRAPPER_EXTENSION = xctest;
			};
			name = Debug;
		};
		BF5803931852159E007842A0 /* Release */ = {
			isa = XCBuildConfiguration;
			buildSettings = {
				ARCHS = "$(ARCHS_STANDARD_INCLUDING_64_BIT)";
				BUNDLE_LOADER = "$(BUILT_PRODUCTS_DIR)/Beacon Sim.app/Beacon Sim";
				FRAMEWORK_SEARCH_PATHS = (
					"$(SDKROOT)/Developer/Library/Frameworks",
					"$(inherited)",
					"$(DEVELOPER_FRAMEWORKS_DIR)",
				);
				GCC_PRECOMPILE_PREFIX_HEADER = YES;
				GCC_PREFIX_HEADER = "Beacon Sim/Beacon Sim-Prefix.pch";
				INFOPLIST_FILE = "Beacon SimTests/Beacon SimTests-Info.plist";
				PRODUCT_NAME = "$(TARGET_NAME)";
				TEST_HOST = "$(BUNDLE_LOADER)";
				WRAPPER_EXTENSION = xctest;
			};
			name = Release;
		};
/* End XCBuildConfiguration section */

/* Begin XCConfigurationList section */
		BF5803541852159D007842A0 /* Build configuration list for PBXProject "Beacon Sim" */ = {
			isa = XCConfigurationList;
			buildConfigurations = (
				BF58038C1852159E007842A0 /* Debug */,
				BF58038D1852159E007842A0 /* Release */,
			);
			defaultConfigurationIsVisible = 0;
			defaultConfigurationName = Release;
		};
		BF58038E1852159E007842A0 /* Build configuration list for PBXNativeTarget "Beacon Sim" */ = {
			isa = XCConfigurationList;
			buildConfigurations = (
				BF58038F1852159E007842A0 /* Debug */,
				BF5803901852159E007842A0 /* Release */,
			);
			defaultConfigurationIsVisible = 0;
			defaultConfigurationName = Release;
		};
		BF5803911852159E007842A0 /* Build configuration list for PBXNativeTarget "Beacon SimTests" */ = {
			isa = XCConfigurationList;
			buildConfigurations = (
				BF5803921852159E007842A0 /* Debug */,
				BF5803931852159E007842A0 /* Release */,
			);
			defaultConfigurationIsVisible = 0;
			defaultConfigurationName = Release;
		};
/* End XCConfigurationList section */
	};
	rootObject = BF5803511852159D007842A0 /* Project object */;
}
